// !$*UTF8*$!
{
	archiveVersion = 1;
	classes = {
	};
	objectVersion = 46;
	objects = {

/* Begin PBXBuildFile section */
		CFA0F66F1A79FCE80024C093 /* main.m in Sources */ = {isa = PBXBuildFile; fileRef = CFA0F66E1A79FCE80024C093 /* main.m */; };
		CFA3E0B11A7D23D8006D04C4 /* Fraction.m in Sources */ = {isa = PBXBuildFile; fileRef = CFA3E0B01A7D23D8006D04C4 /* Fraction.m */; };
/* End PBXBuildFile section */

/* Begin PBXCopyFilesBuildPhase section */
		CFA0F6691A79FCE80024C093 /* CopyFiles */ = {
			isa = PBXCopyFilesBuildPhase;
			buildActionMask = 2147483647;
			dstPath = /usr/share/man/man1/;
			dstSubfolderSpec = 0;
			files = (
			);
			runOnlyForDeploymentPostprocessing = 1;
		};
/* End PBXCopyFilesBuildPhase section */

/* Begin PBXFileReference section */
		CFA0F66B1A79FCE80024C093 /* prog7_2a */ = {isa = PBXFileReference; explicitFileType = "compiled.mach-o.executable"; includeInIndex = 0; path = prog7_2a; sourceTree = BUILT_PRODUCTS_DIR; };
		CFA0F66E1A79FCE80024C093 /* main.m */ = {isa = PBXFileReference; lastKnownFileType = sourcecode.c.objc; path = main.m; sourceTree = "<group>"; };
		CFA3E0AF1A7D23D8006D04C4 /* Fraction.h */ = {isa = PBXFileReference; fileEncoding = 4; lastKnownFileType = sourcecode.c.h; path = Fraction.h; sourceTree = "<group>"; };
		CFA3E0B01A7D23D8006D04C4 /* Fraction.m */ = {isa = PBXFileReference; fileEncoding = 4; lastKnownFileType = sourcecode.c.objc; path = Fraction.m; sourceTree = "<group>"; };
/* End PBXFileReference section */

/* Begin PBXFrameworksBuildPhase section */
		CFA0F6681A79FCE80024C093 /* Frameworks */ = {
			isa = PBXFrameworksBuildPhase;
			buildActionMask = 2147483647;
			files = (
			);
			runOnlyForDeploymentPostprocessing = 0;
		};
/* End PBXFrameworksBuildPhase section */

/* Begin PBXGroup section */
		CFA0F6621A79FCE80024C093 = {
			isa = PBXGroup;
			children = (
				CFA0F66D1A79FCE80024C093 /* prog7_2a */,
				CFA0F66C1A79FCE80024C093 /* Products */,
			);
			sourceTree = "<group>";
		};
		CFA0F66C1A79FCE80024C093 /* Products */ = {
			isa = PBXGroup;
			children = (
				CFA0F66B1A79FCE80024C093 /* prog7_2a */,
			);
			name = Products;
			sourceTree = "<group>";
		};
		CFA0F66D1A79FCE80024C093 /* prog7_2a */ = {
			isa = PBXGroup;
			children = (
				CFA0F66E1A79FCE80024C093 /* main.m */,
				CFA3E0AF1A7D23D8006D04C4 /* Fraction.h */,
				CFA3E0B01A7D23D8006D04C4 /* Fraction.m */,
			);
			path = prog7_2a;
			sourceTree = "<group>";
		};
/* End PBXGroup section */

/* Begin PBXNativeTarget section */
		CFA0F66A1A79FCE80024C093 /* prog7_2a */ = {
			isa = PBXNativeTarget;
			buildConfigurationList = CFA0F6721A79FCE80024C093 /* Build configuration list for PBXNativeTarget "prog7_2a" */;
			buildPhases = (
				CFA0F6671A79FCE80024C093 /* Sources */,
				CFA0F6681A79FCE80024C093 /* Frameworks */,
				CFA0F6691A79FCE80024C093 /* CopyFiles */,
			);
			buildRules = (
			);
			dependencies = (
			);
			name = prog7_2a;
			productName = prog7_2a;
			productReference = CFA0F66B1A79FCE80024C093 /* prog7_2a */;
			productType = "com.apple.product-type.tool";
		};
/* End PBXNativeTarget section */

/* Begin PBXProject section */
		CFA0F6631A79FCE80024C093 /* Project object */ = {
			isa = PBXProject;
			attributes = {
				LastUpgradeCheck = 0610;
				ORGANIZATIONNAME = "Nicole Samson";
				TargetAttributes = {
					CFA0F66A1A79FCE80024C093 = {
						CreatedOnToolsVersion = 6.1.1;
					};
				};
			};
			buildConfigurationList = CFA0F6661A79FCE80024C093 /* Build configuration list for PBXProject "prog7_2a" */;
			compatibilityVersion = "Xcode 3.2";
			developmentRegion = English;
			hasScannedForEncodings = 0;
			knownRegions = (
				en,
			);
			mainGroup = CFA0F6621A79FCE80024C093;
			productRefGroup = CFA0F66C1A79FCE80024C093 /* Products */;
			projectDirPath = "";
			projectRoot = "";
			targets = (
				CFA0F66A1A79FCE80024C093 /* prog7_2a */,
			);
		};
/* End PBXProject section */

/* Begin PBXSourcesBuildPhase section */
		CFA0F6671A79FCE80024C093 /* Sources */ = {
			isa = PBXSourcesBuildPhase;
			buildActionMask = 2147483647;
			files = (
				CFA0F66F1A79FCE80024C093 /* main.m in Sources */,
				CFA3E0B11A7D23D8006D04C4 /* Fraction.m in Sources */,
			);
			runOnlyForDeploymentPostprocessing = 0;
		};
/* End PBXSourcesBuildPhase section */

/* Begin XCBuildConfiguration section */
		CFA0F6701A79FCE80024C093 /* Debug */ = {
			isa = XCBuildConfiguration;
			buildSettings = {
				ALWAYS_SEARCH_USER_PATHS = NO;
				CLANG_CXX_LANGUAGE_STANDARD = "gnu++0x";
				CLANG_CXX_LIBRARY = "libc++";
				CLANG_ENABLE_MODULES = YES;
				CLANG_ENABLE_OBJC_ARC = YES;
				CLANG_WARN_BOOL_CONVERSION = YES;
				CLANG_WARN_CONSTANT_CONVERSION = YES;
				CLANG_WARN_DIRECT_OBJC_ISA_USAGE = YES_ERROR;
				CLANG_WARN_EMPTY_BODY = YES;
				CLANG_WARN_ENUM_CONVERSION = YES;
				CLANG_WARN_INT_CONVERSION = YES;
				CLANG_WARN_OBJC_ROOT_CLASS = YES_ERROR;
				CLANG_WARN_UNREACHABLE_CODE = YES;
				CLANG_WARN__DUPLICATE_METHOD_MATCH = YES;
				COPY_PHASE_STRIP = NO;
				ENABLE_STRICT_OBJC_MSGSEND = YES;
				GCC_C_LANGUAGE_STANDARD = gnu99;
				GCC_DYNAMIC_NO_PIC = NO;
				GCC_OPTIMIZATION_LEVEL = 0;
				GCC_PREPROCESSOR_DEFINITIONS = (
					"DEBUG=1",
					"$(inherited)",
				);
				GCC_SYMBOLS_PRIVATE_EXTERN = NO;
				GCC_WARN_64_TO_32_BIT_CONVERSION = YES;
				GCC_WARN_ABOUT_RETURN_TYPE = YES_ERROR;
				GCC_WARN_UNDECLARED_SELECTOR = YES;
				GCC_WARN_UNINITIALIZED_AUTOS = YES_AGGRESSIVE;
				GCC_WARN_UNUSED_FUNCTION = YES;
				GCC_WARN_UNUSED_VARIABLE = YES;
				MACOSX_DEPLOYMENT_TARGET = 10.10;
				MTL_ENABLE_DEBUG_INFO = YES;
				ONLY_ACTIVE_ARCH = YES;
				SDKROOT = macosx;
			};
			name = Debug;
		};
		CFA0F6711A79FCE80024C093 /* Release */ = {
			isa = XCBuildConfiguration;
			buildSettings = {
				ALWAYS_SEARCH_USER_PATHS = NO;
				CLANG_CXX_LANGUAGE_STANDARD = "gnu++0x";
				CLANG_CXX_LIBRARY = "libc++";
				CLANG_ENABLE_MODULES = YES;
				CLANG_ENABLE_OBJC_ARC = YES;
				CLANG_WARN_BOOL_CONVERSION = YES;
				CLANG_WARN_CONSTANT_CONVERSION = YES;
				CLANG_WARN_DIRECT_OBJC_ISA_USAGE = YES_ERROR;
				CLANG_WARN_EMPTY_BODY = YES;
				CLANG_WARN_ENUM_CONVERSION = YES;
				CLANG_WARN_INT_CONVERSION = YES;
				CLANG_WARN_OBJC_ROOT_CLASS = YES_ERROR;
				CLANG_WARN_UNREACHABLE_CODE = YES;
				CLANG_WARN__DUPLICATE_METHOD_MATCH = YES;
				COPY_PHASE_STRIP = YES;
				DEBUG_INFORMATION_FORMAT = "dwarf-with-dsym";
				ENABLE_NS_ASSERTIONS = NO;
				ENABLE_STRICT_OBJC_MSGSEND = YES;
				GCC_C_LANGUAGE_STANDARD = gnu99;
				GCC_WARN_64_TO_32_BIT_CONVERSION = YES;
				GCC_WARN_ABOUT_RETURN_TYPE = YES_ERROR;
				GCC_WARN_UNDECLARED_SELECTOR = YES;
				GCC_WARN_UNINITIALIZED_AUTOS = YES_AGGRESSIVE;
				GCC_WARN_UNUSED_FUNCTION = YES;
				GCC_WARN_UNUSED_VARIABLE = YES;
				MACOSX_DEPLOYMENT_TARGET = 10.10;
				MTL_ENABLE_DEBUG_INFO = NO;
				SDKROOT = macosx;
			};
			name = Release;
		};
		CFA0F6731A79FCE80024C093 /* Debug */ = {
			isa = XCBuildConfiguration;
			buildSettings = {
				PRODUCT_NAME = "$(TARGET_NAME)";
			};
			name = Debug;
		};
		CFA0F6741A79FCE80024C093 /* Release */ = {
			isa = XCBuildConfiguration;
			buildSettings = {
				PRODUCT_NAME = "$(TARGET_NAME)";
			};
			name = Release;
		};
/* End XCBuildConfiguration section */

/* Begin XCConfigurationList section */
		CFA0F6661A79FCE80024C093 /* Build configuration list for PBXProject "prog7_2a" */ = {
			isa = XCConfigurationList;
			buildConfigurations = (
				CFA0F6701A79FCE80024C093 /* Debug */,
				CFA0F6711A79FCE80024C093 /* Release */,
			);
			defaultConfigurationIsVisible = 0;
			defaultConfigurationName = Release;
		};
		CFA0F6721A79FCE80024C093 /* Build configuration list for PBXNativeTarget "prog7_2a" */ = {
			isa = XCConfigurationList;
			buildConfigurations = (
				CFA0F6731A79FCE80024C093 /* Debug */,
				CFA0F6741A79FCE80024C093 /* Release */,
			);
			defaultConfigurationIsVisible = 0;
			defaultConfigurationName = Release;
		};
/* End XCConfigurationList section */
	};
	rootObject = CFA0F6631A79FCE80024C093 /* Project object */;
}
