// !$*UTF8*$!
{
	archiveVersion = 1;
	classes = {
	};
	objectVersion = 46;
	objects = {

/* Begin PBXBuildFile section */
		CF465CAF1A8FE14200CEB4F5 /* main.m in Sources */ = {isa = PBXBuildFile; fileRef = CF465CAE1A8FE14200CEB4F5 /* main.m */; };
		CF465CB71A8FE16100CEB4F5 /* Rectangle.m in Sources */ = {isa = PBXBuildFile; fileRef = CF465CB61A8FE16100CEB4F5 /* Rectangle.m */; };
		CF465CBA1A8FE16B00CEB4F5 /* XYPoint.m in Sources */ = {isa = PBXBuildFile; fileRef = CF465CB91A8FE16B00CEB4F5 /* XYPoint.m */; };
		CF465CBD1A8FE17D00CEB4F5 /* GraphicObject.m in Sources */ = {isa = PBXBuildFile; fileRef = CF465CBC1A8FE17D00CEB4F5 /* GraphicObject.m */; };
		CF465CC01A8FE26F00CEB4F5 /* Circle.m in Sources */ = {isa = PBXBuildFile; fileRef = CF465CBF1A8FE26F00CEB4F5 /* Circle.m */; };
		CF465CC31A8FE27A00CEB4F5 /* Triangle.m in Sources */ = {isa = PBXBuildFile; fileRef = CF465CC21A8FE27A00CEB4F5 /* Triangle.m */; };
/* End PBXBuildFile section */

/* Begin PBXCopyFilesBuildPhase section */
		CF465CA91A8FE14200CEB4F5 /* CopyFiles */ = {
			isa = PBXCopyFilesBuildPhase;
			buildActionMask = 2147483647;
			dstPath = /usr/share/man/man1/;
			dstSubfolderSpec = 0;
			files = (
			);
			runOnlyForDeploymentPostprocessing = 1;
		};
/* End PBXCopyFilesBuildPhase section */

/* Begin PBXFileReference section */
		CF465CAB1A8FE14200CEB4F5 /* prog8e_5 */ = {isa = PBXFileReference; explicitFileType = "compiled.mach-o.executable"; includeInIndex = 0; path = prog8e_5; sourceTree = BUILT_PRODUCTS_DIR; };
		CF465CAE1A8FE14200CEB4F5 /* main.m */ = {isa = PBXFileReference; lastKnownFileType = sourcecode.c.objc; path = main.m; sourceTree = "<group>"; };
		CF465CB51A8FE16100CEB4F5 /* Rectangle.h */ = {isa = PBXFileReference; fileEncoding = 4; lastKnownFileType = sourcecode.c.h; path = Rectangle.h; sourceTree = "<group>"; };
		CF465CB61A8FE16100CEB4F5 /* Rectangle.m */ = {isa = PBXFileReference; fileEncoding = 4; lastKnownFileType = sourcecode.c.objc; path = Rectangle.m; sourceTree = "<group>"; };
		CF465CB81A8FE16B00CEB4F5 /* XYPoint.h */ = {isa = PBXFileReference; fileEncoding = 4; lastKnownFileType = sourcecode.c.h; path = XYPoint.h; sourceTree = "<group>"; };
		CF465CB91A8FE16B00CEB4F5 /* XYPoint.m */ = {isa = PBXFileReference; fileEncoding = 4; lastKnownFileType = sourcecode.c.objc; path = XYPoint.m; sourceTree = "<group>"; };
		CF465CBB1A8FE17D00CEB4F5 /* GraphicObject.h */ = {isa = PBXFileReference; fileEncoding = 4; lastKnownFileType = sourcecode.c.h; path = GraphicObject.h; sourceTree = "<group>"; };
		CF465CBC1A8FE17D00CEB4F5 /* GraphicObject.m */ = {isa = PBXFileReference; fileEncoding = 4; lastKnownFileType = sourcecode.c.objc; path = GraphicObject.m; sourceTree = "<group>"; };
		CF465CBE1A8FE26F00CEB4F5 /* Circle.h */ = {isa = PBXFileReference; fileEncoding = 4; lastKnownFileType = sourcecode.c.h; path = Circle.h; sourceTree = "<group>"; };
		CF465CBF1A8FE26F00CEB4F5 /* Circle.m */ = {isa = PBXFileReference; fileEncoding = 4; lastKnownFileType = sourcecode.c.objc; path = Circle.m; sourceTree = "<group>"; };
		CF465CC11A8FE27A00CEB4F5 /* Triangle.h */ = {isa = PBXFileReference; fileEncoding = 4; lastKnownFileType = sourcecode.c.h; path = Triangle.h; sourceTree = "<group>"; };
		CF465CC21A8FE27A00CEB4F5 /* Triangle.m */ = {isa = PBXFileReference; fileEncoding = 4; lastKnownFileType = sourcecode.c.objc; path = Triangle.m; sourceTree = "<group>"; };
/* End PBXFileReference section */

/* Begin PBXFrameworksBuildPhase section */
		CF465CA81A8FE14200CEB4F5 /* Frameworks */ = {
			isa = PBXFrameworksBuildPhase;
			buildActionMask = 2147483647;
			files = (
			);
			runOnlyForDeploymentPostprocessing = 0;
		};
/* End PBXFrameworksBuildPhase section */

/* Begin PBXGroup section */
		CF465CA21A8FE14200CEB4F5 = {
			isa = PBXGroup;
			children = (
				CF465CAD1A8FE14200CEB4F5 /* prog8e_5 */,
				CF465CAC1A8FE14200CEB4F5 /* Products */,
			);
			sourceTree = "<group>";
		};
		CF465CAC1A8FE14200CEB4F5 /* Products */ = {
			isa = PBXGroup;
			children = (
				CF465CAB1A8FE14200CEB4F5 /* prog8e_5 */,
			);
			name = Products;
			sourceTree = "<group>";
		};
		CF465CAD1A8FE14200CEB4F5 /* prog8e_5 */ = {
			isa = PBXGroup;
			children = (
				CF465CAE1A8FE14200CEB4F5 /* main.m */,
				CF465CB51A8FE16100CEB4F5 /* Rectangle.h */,
				CF465CBE1A8FE26F00CEB4F5 /* Circle.h */,
				CF465CBF1A8FE26F00CEB4F5 /* Circle.m */,
				CF465CC11A8FE27A00CEB4F5 /* Triangle.h */,
				CF465CC21A8FE27A00CEB4F5 /* Triangle.m */,
				CF465CB61A8FE16100CEB4F5 /* Rectangle.m */,
				CF465CB81A8FE16B00CEB4F5 /* XYPoint.h */,
				CF465CB91A8FE16B00CEB4F5 /* XYPoint.m */,
				CF465CBB1A8FE17D00CEB4F5 /* GraphicObject.h */,
				CF465CBC1A8FE17D00CEB4F5 /* GraphicObject.m */,
			);
			path = prog8e_5;
			sourceTree = "<group>";
		};
/* End PBXGroup section */

/* Begin PBXNativeTarget section */
		CF465CAA1A8FE14200CEB4F5 /* prog8e_5 */ = {
			isa = PBXNativeTarget;
			buildConfigurationList = CF465CB21A8FE14200CEB4F5 /* Build configuration list for PBXNativeTarget "prog8e_5" */;
			buildPhases = (
				CF465CA71A8FE14200CEB4F5 /* Sources */,
				CF465CA81A8FE14200CEB4F5 /* Frameworks */,
				CF465CA91A8FE14200CEB4F5 /* CopyFiles */,
			);
			buildRules = (
			);
			dependencies = (
			);
			name = prog8e_5;
			productName = prog8e_5;
			productReference = CF465CAB1A8FE14200CEB4F5 /* prog8e_5 */;
			productType = "com.apple.product-type.tool";
		};
/* End PBXNativeTarget section */

/* Begin PBXProject section */
		CF465CA31A8FE14200CEB4F5 /* Project object */ = {
			isa = PBXProject;
			attributes = {
				LastUpgradeCheck = 0610;
				ORGANIZATIONNAME = "Nicole Samson";
				TargetAttributes = {
					CF465CAA1A8FE14200CEB4F5 = {
						CreatedOnToolsVersion = 6.1.1;
					};
				};
			};
			buildConfigurationList = CF465CA61A8FE14200CEB4F5 /* Build configuration list for PBXProject "prog8e_5" */;
			compatibilityVersion = "Xcode 3.2";
			developmentRegion = English;
			hasScannedForEncodings = 0;
			knownRegions = (
				en,
			);
			mainGroup = CF465CA21A8FE14200CEB4F5;
			productRefGroup = CF465CAC1A8FE14200CEB4F5 /* Products */;
			projectDirPath = "";
			projectRoot = "";
			targets = (
				CF465CAA1A8FE14200CEB4F5 /* prog8e_5 */,
			);
		};
/* End PBXProject section */

/* Begin PBXSourcesBuildPhase section */
		CF465CA71A8FE14200CEB4F5 /* Sources */ = {
			isa = PBXSourcesBuildPhase;
			buildActionMask = 2147483647;
			files = (
				CF465CAF1A8FE14200CEB4F5 /* main.m in Sources */,
				CF465CBA1A8FE16B00CEB4F5 /* XYPoint.m in Sources */,
				CF465CC01A8FE26F00CEB4F5 /* Circle.m in Sources */,
				CF465CB71A8FE16100CEB4F5 /* Rectangle.m in Sources */,
				CF465CBD1A8FE17D00CEB4F5 /* GraphicObject.m in Sources */,
				CF465CC31A8FE27A00CEB4F5 /* Triangle.m in Sources */,
			);
			runOnlyForDeploymentPostprocessing = 0;
		};
/* End PBXSourcesBuildPhase section */

/* Begin XCBuildConfiguration section */
		CF465CB01A8FE14200CEB4F5 /* Debug */ = {
			isa = XCBuildConfiguration;
			buildSettings = {
				ALWAYS_SEARCH_USER_PATHS = NO;
				CLANG_CXX_LANGUAGE_STANDARD = "gnu++0x";
				CLANG_CXX_LIBRARY = "libc++";
				CLANG_ENABLE_MODULES = YES;
				CLANG_ENABLE_OBJC_ARC = YES;
				CLANG_WARN_BOOL_CONVERSION = YES;
				CLANG_WARN_CONSTANT_CONVERSION = YES;
				CLANG_WARN_DIRECT_OBJC_ISA_USAGE = YES_ERROR;
				CLANG_WARN_EMPTY_BODY = YES;
				CLANG_WARN_ENUM_CONVERSION = YES;
				CLANG_WARN_INT_CONVERSION = YES;
				CLANG_WARN_OBJC_ROOT_CLASS = YES_ERROR;
				CLANG_WARN_UNREACHABLE_CODE = YES;
				CLANG_WARN__DUPLICATE_METHOD_MATCH = YES;
				COPY_PHASE_STRIP = NO;
				ENABLE_STRICT_OBJC_MSGSEND = YES;
				GCC_C_LANGUAGE_STANDARD = gnu99;
				GCC_DYNAMIC_NO_PIC = NO;
				GCC_OPTIMIZATION_LEVEL = 0;
				GCC_PREPROCESSOR_DEFINITIONS = (
					"DEBUG=1",
					"$(inherited)",
				);
				GCC_SYMBOLS_PRIVATE_EXTERN = NO;
				GCC_WARN_64_TO_32_BIT_CONVERSION = YES;
				GCC_WARN_ABOUT_RETURN_TYPE = YES_ERROR;
				GCC_WARN_UNDECLARED_SELECTOR = YES;
				GCC_WARN_UNINITIALIZED_AUTOS = YES_AGGRESSIVE;
				GCC_WARN_UNUSED_FUNCTION = YES;
				GCC_WARN_UNUSED_VARIABLE = YES;
				MACOSX_DEPLOYMENT_TARGET = 10.10;
				MTL_ENABLE_DEBUG_INFO = YES;
				ONLY_ACTIVE_ARCH = YES;
				SDKROOT = macosx;
			};
			name = Debug;
		};
		CF465CB11A8FE14200CEB4F5 /* Release */ = {
			isa = XCBuildConfiguration;
			buildSettings = {
				ALWAYS_SEARCH_USER_PATHS = NO;
				CLANG_CXX_LANGUAGE_STANDARD = "gnu++0x";
				CLANG_CXX_LIBRARY = "libc++";
				CLANG_ENABLE_MODULES = YES;
				CLANG_ENABLE_OBJC_ARC = YES;
				CLANG_WARN_BOOL_CONVERSION = YES;
				CLANG_WARN_CONSTANT_CONVERSION = YES;
				CLANG_WARN_DIRECT_OBJC_ISA_USAGE = YES_ERROR;
				CLANG_WARN_EMPTY_BODY = YES;
				CLANG_WARN_ENUM_CONVERSION = YES;
				CLANG_WARN_INT_CONVERSION = YES;
				CLANG_WARN_OBJC_ROOT_CLASS = YES_ERROR;
				CLANG_WARN_UNREACHABLE_CODE = YES;
				CLANG_WARN__DUPLICATE_METHOD_MATCH = YES;
				COPY_PHASE_STRIP = YES;
				DEBUG_INFORMATION_FORMAT = "dwarf-with-dsym";
				ENABLE_NS_ASSERTIONS = NO;
				ENABLE_STRICT_OBJC_MSGSEND = YES;
				GCC_C_LANGUAGE_STANDARD = gnu99;
				GCC_WARN_64_TO_32_BIT_CONVERSION = YES;
				GCC_WARN_ABOUT_RETURN_TYPE = YES_ERROR;
				GCC_WARN_UNDECLARED_SELECTOR = YES;
				GCC_WARN_UNINITIALIZED_AUTOS = YES_AGGRESSIVE;
				GCC_WARN_UNUSED_FUNCTION = YES;
				GCC_WARN_UNUSED_VARIABLE = YES;
				MACOSX_DEPLOYMENT_TARGET = 10.10;
				MTL_ENABLE_DEBUG_INFO = NO;
				SDKROOT = macosx;
			};
			name = Release;
		};
		CF465CB31A8FE14200CEB4F5 /* Debug */ = {
			isa = XCBuildConfiguration;
			buildSettings = {
				PRODUCT_NAME = "$(TARGET_NAME)";
			};
			name = Debug;
		};
		CF465CB41A8FE14200CEB4F5 /* Release */ = {
			isa = XCBuildConfiguration;
			buildSettings = {
				PRODUCT_NAME = "$(TARGET_NAME)";
			};
			name = Release;
		};
/* End XCBuildConfiguration section */

/* Begin XCConfigurationList section */
		CF465CA61A8FE14200CEB4F5 /* Build configuration list for PBXProject "prog8e_5" */ = {
			isa = XCConfigurationList;
			buildConfigurations = (
				CF465CB01A8FE14200CEB4F5 /* Debug */,
				CF465CB11A8FE14200CEB4F5 /* Release */,
			);
			defaultConfigurationIsVisible = 0;
			defaultConfigurationName = Release;
		};
		CF465CB21A8FE14200CEB4F5 /* Build configuration list for PBXNativeTarget "prog8e_5" */ = {
			isa = XCConfigurationList;
			buildConfigurations = (
				CF465CB31A8FE14200CEB4F5 /* Debug */,
				CF465CB41A8FE14200CEB4F5 /* Release */,
			);
			defaultConfigurationIsVisible = 0;
		};
/* End XCConfigurationList section */
	};
	rootObject = CF465CA31A8FE14200CEB4F5 /* Project object */;
}
