// !$*UTF8*$!
{
	archiveVersion = 1;
	classes = {
	};
	objectVersion = 46;
	objects = {

/* Begin PBXBuildFile section */
		CF465BCD1A8FCABA00CEB4F5 /* main.m in Sources */ = {isa = PBXBuildFile; fileRef = CF465BCC1A8FCABA00CEB4F5 /* main.m */; };
		CF465BD51A8FCAC500CEB4F5 /* Rectangle.m in Sources */ = {isa = PBXBuildFile; fileRef = CF465BD41A8FCAC500CEB4F5 /* Rectangle.m */; };
		CF465BD81A8FCAD200CEB4F5 /* Square.m in Sources */ = {isa = PBXBuildFile; fileRef = CF465BD71A8FCAD200CEB4F5 /* Square.m */; };
/* End PBXBuildFile section */

/* Begin PBXCopyFilesBuildPhase section */
		CF465BC71A8FCABA00CEB4F5 /* CopyFiles */ = {
			isa = PBXCopyFilesBuildPhase;
			buildActionMask = 2147483647;
			dstPath = /usr/share/man/man1/;
			dstSubfolderSpec = 0;
			files = (
			);
			runOnlyForDeploymentPostprocessing = 1;
		};
/* End PBXCopyFilesBuildPhase section */

/* Begin PBXFileReference section */
		CF465BC91A8FCABA00CEB4F5 /* prog8_3 */ = {isa = PBXFileReference; explicitFileType = "compiled.mach-o.executable"; includeInIndex = 0; path = prog8_3; sourceTree = BUILT_PRODUCTS_DIR; };
		CF465BCC1A8FCABA00CEB4F5 /* main.m */ = {isa = PBXFileReference; lastKnownFileType = sourcecode.c.objc; path = main.m; sourceTree = "<group>"; };
		CF465BD31A8FCAC500CEB4F5 /* Rectangle.h */ = {isa = PBXFileReference; fileEncoding = 4; lastKnownFileType = sourcecode.c.h; path = Rectangle.h; sourceTree = "<group>"; };
		CF465BD41A8FCAC500CEB4F5 /* Rectangle.m */ = {isa = PBXFileReference; fileEncoding = 4; lastKnownFileType = sourcecode.c.objc; path = Rectangle.m; sourceTree = "<group>"; };
		CF465BD61A8FCAD200CEB4F5 /* Square.h */ = {isa = PBXFileReference; fileEncoding = 4; lastKnownFileType = sourcecode.c.h; path = Square.h; sourceTree = "<group>"; };
		CF465BD71A8FCAD200CEB4F5 /* Square.m */ = {isa = PBXFileReference; fileEncoding = 4; lastKnownFileType = sourcecode.c.objc; path = Square.m; sourceTree = "<group>"; };
/* End PBXFileReference section */

/* Begin PBXFrameworksBuildPhase section */
		CF465BC61A8FCABA00CEB4F5 /* Frameworks */ = {
			isa = PBXFrameworksBuildPhase;
			buildActionMask = 2147483647;
			files = (
			);
			runOnlyForDeploymentPostprocessing = 0;
		};
/* End PBXFrameworksBuildPhase section */

/* Begin PBXGroup section */
		CF465BC01A8FCABA00CEB4F5 = {
			isa = PBXGroup;
			children = (
				CF465BCB1A8FCABA00CEB4F5 /* prog8_3 */,
				CF465BCA1A8FCABA00CEB4F5 /* Products */,
			);
			sourceTree = "<group>";
		};
		CF465BCA1A8FCABA00CEB4F5 /* Products */ = {
			isa = PBXGroup;
			children = (
				CF465BC91A8FCABA00CEB4F5 /* prog8_3 */,
			);
			name = Products;
			sourceTree = "<group>";
		};
		CF465BCB1A8FCABA00CEB4F5 /* prog8_3 */ = {
			isa = PBXGroup;
			children = (
				CF465BCC1A8FCABA00CEB4F5 /* main.m */,
				CF465BD31A8FCAC500CEB4F5 /* Rectangle.h */,
				CF465BD41A8FCAC500CEB4F5 /* Rectangle.m */,
				CF465BD61A8FCAD200CEB4F5 /* Square.h */,
				CF465BD71A8FCAD200CEB4F5 /* Square.m */,
			);
			path = prog8_3;
			sourceTree = "<group>";
		};
/* End PBXGroup section */

/* Begin PBXNativeTarget section */
		CF465BC81A8FCABA00CEB4F5 /* prog8_3 */ = {
			isa = PBXNativeTarget;
			buildConfigurationList = CF465BD01A8FCABA00CEB4F5 /* Build configuration list for PBXNativeTarget "prog8_3" */;
			buildPhases = (
				CF465BC51A8FCABA00CEB4F5 /* Sources */,
				CF465BC61A8FCABA00CEB4F5 /* Frameworks */,
				CF465BC71A8FCABA00CEB4F5 /* CopyFiles */,
			);
			buildRules = (
			);
			dependencies = (
			);
			name = prog8_3;
			productName = prog8_3;
			productReference = CF465BC91A8FCABA00CEB4F5 /* prog8_3 */;
			productType = "com.apple.product-type.tool";
		};
/* End PBXNativeTarget section */

/* Begin PBXProject section */
		CF465BC11A8FCABA00CEB4F5 /* Project object */ = {
			isa = PBXProject;
			attributes = {
				LastUpgradeCheck = 0610;
				ORGANIZATIONNAME = "Nicole Samson";
				TargetAttributes = {
					CF465BC81A8FCABA00CEB4F5 = {
						CreatedOnToolsVersion = 6.1.1;
					};
				};
			};
			buildConfigurationList = CF465BC41A8FCABA00CEB4F5 /* Build configuration list for PBXProject "prog8_3" */;
			compatibilityVersion = "Xcode 3.2";
			developmentRegion = English;
			hasScannedForEncodings = 0;
			knownRegions = (
				en,
			);
			mainGroup = CF465BC01A8FCABA00CEB4F5;
			productRefGroup = CF465BCA1A8FCABA00CEB4F5 /* Products */;
			projectDirPath = "";
			projectRoot = "";
			targets = (
				CF465BC81A8FCABA00CEB4F5 /* prog8_3 */,
			);
		};
/* End PBXProject section */

/* Begin PBXSourcesBuildPhase section */
		CF465BC51A8FCABA00CEB4F5 /* Sources */ = {
			isa = PBXSourcesBuildPhase;
			buildActionMask = 2147483647;
			files = (
				CF465BD81A8FCAD200CEB4F5 /* Square.m in Sources */,
				CF465BCD1A8FCABA00CEB4F5 /* main.m in Sources */,
				CF465BD51A8FCAC500CEB4F5 /* Rectangle.m in Sources */,
			);
			runOnlyForDeploymentPostprocessing = 0;
		};
/* End PBXSourcesBuildPhase section */

/* Begin XCBuildConfiguration section */
		CF465BCE1A8FCABA00CEB4F5 /* Debug */ = {
			isa = XCBuildConfiguration;
			buildSettings = {
				ALWAYS_SEARCH_USER_PATHS = NO;
				CLANG_CXX_LANGUAGE_STANDARD = "gnu++0x";
				CLANG_CXX_LIBRARY = "libc++";
				CLANG_ENABLE_MODULES = YES;
				CLANG_ENABLE_OBJC_ARC = YES;
				CLANG_WARN_BOOL_CONVERSION = YES;
				CLANG_WARN_CONSTANT_CONVERSION = YES;
				CLANG_WARN_DIRECT_OBJC_ISA_USAGE = YES_ERROR;
				CLANG_WARN_EMPTY_BODY = YES;
				CLANG_WARN_ENUM_CONVERSION = YES;
				CLANG_WARN_INT_CONVERSION = YES;
				CLANG_WARN_OBJC_ROOT_CLASS = YES_ERROR;
				CLANG_WARN_UNREACHABLE_CODE = YES;
				CLANG_WARN__DUPLICATE_METHOD_MATCH = YES;
				COPY_PHASE_STRIP = NO;
				ENABLE_STRICT_OBJC_MSGSEND = YES;
				GCC_C_LANGUAGE_STANDARD = gnu99;
				GCC_DYNAMIC_NO_PIC = NO;
				GCC_OPTIMIZATION_LEVEL = 0;
				GCC_PREPROCESSOR_DEFINITIONS = (
					"DEBUG=1",
					"$(inherited)",
				);
				GCC_SYMBOLS_PRIVATE_EXTERN = NO;
				GCC_WARN_64_TO_32_BIT_CONVERSION = YES;
				GCC_WARN_ABOUT_RETURN_TYPE = YES_ERROR;
				GCC_WARN_UNDECLARED_SELECTOR = YES;
				GCC_WARN_UNINITIALIZED_AUTOS = YES_AGGRESSIVE;
				GCC_WARN_UNUSED_FUNCTION = YES;
				GCC_WARN_UNUSED_VARIABLE = YES;
				MACOSX_DEPLOYMENT_TARGET = 10.10;
				MTL_ENABLE_DEBUG_INFO = YES;
				ONLY_ACTIVE_ARCH = YES;
				SDKROOT = macosx;
			};
			name = Debug;
		};
		CF465BCF1A8FCABA00CEB4F5 /* Release */ = {
			isa = XCBuildConfiguration;
			buildSettings = {
				ALWAYS_SEARCH_USER_PATHS = NO;
				CLANG_CXX_LANGUAGE_STANDARD = "gnu++0x";
				CLANG_CXX_LIBRARY = "libc++";
				CLANG_ENABLE_MODULES = YES;
				CLANG_ENABLE_OBJC_ARC = YES;
				CLANG_WARN_BOOL_CONVERSION = YES;
				CLANG_WARN_CONSTANT_CONVERSION = YES;
				CLANG_WARN_DIRECT_OBJC_ISA_USAGE = YES_ERROR;
				CLANG_WARN_EMPTY_BODY = YES;
				CLANG_WARN_ENUM_CONVERSION = YES;
				CLANG_WARN_INT_CONVERSION = YES;
				CLANG_WARN_OBJC_ROOT_CLASS = YES_ERROR;
				CLANG_WARN_UNREACHABLE_CODE = YES;
				CLANG_WARN__DUPLICATE_METHOD_MATCH = YES;
				COPY_PHASE_STRIP = YES;
				DEBUG_INFORMATION_FORMAT = "dwarf-with-dsym";
				ENABLE_NS_ASSERTIONS = NO;
				ENABLE_STRICT_OBJC_MSGSEND = YES;
				GCC_C_LANGUAGE_STANDARD = gnu99;
				GCC_WARN_64_TO_32_BIT_CONVERSION = YES;
				GCC_WARN_ABOUT_RETURN_TYPE = YES_ERROR;
				GCC_WARN_UNDECLARED_SELECTOR = YES;
				GCC_WARN_UNINITIALIZED_AUTOS = YES_AGGRESSIVE;
				GCC_WARN_UNUSED_FUNCTION = YES;
				GCC_WARN_UNUSED_VARIABLE = YES;
				MACOSX_DEPLOYMENT_TARGET = 10.10;
				MTL_ENABLE_DEBUG_INFO = NO;
				SDKROOT = macosx;
			};
			name = Release;
		};
		CF465BD11A8FCABA00CEB4F5 /* Debug */ = {
			isa = XCBuildConfiguration;
			buildSettings = {
				PRODUCT_NAME = "$(TARGET_NAME)";
			};
			name = Debug;
		};
		CF465BD21A8FCABA00CEB4F5 /* Release */ = {
			isa = XCBuildConfiguration;
			buildSettings = {
				PRODUCT_NAME = "$(TARGET_NAME)";
			};
			name = Release;
		};
/* End XCBuildConfiguration section */

/* Begin XCConfigurationList section */
		CF465BC41A8FCABA00CEB4F5 /* Build configuration list for PBXProject "prog8_3" */ = {
			isa = XCConfigurationList;
			buildConfigurations = (
				CF465BCE1A8FCABA00CEB4F5 /* Debug */,
				CF465BCF1A8FCABA00CEB4F5 /* Release */,
			);
			defaultConfigurationIsVisible = 0;
			defaultConfigurationName = Release;
		};
		CF465BD01A8FCABA00CEB4F5 /* Build configuration list for PBXNativeTarget "prog8_3" */ = {
			isa = XCConfigurationList;
			buildConfigurations = (
				CF465BD11A8FCABA00CEB4F5 /* Debug */,
				CF465BD21A8FCABA00CEB4F5 /* Release */,
			);
			defaultConfigurationIsVisible = 0;
		};
/* End XCConfigurationList section */
	};
	rootObject = CF465BC11A8FCABA00CEB4F5 /* Project object */;
}
